{
  "name": "feathers-hooks-jsonapify",
  "version": "0.1.11",
  "lockfileVersion": 1,
  "requires": true,
  "dependencies": {
    "inflected": {
      "version": "1.1.7",
      "resolved": "https://registry.npmjs.org/inflected/-/inflected-1.1.7.tgz",
      "integrity": "sha1-w5PfbihHLQ13swguw6ogkfS8lvk="
    },
    "jsonapi-serializer": {
      "version": "3.6.4",
      "resolved": "https://registry.npmjs.org/jsonapi-serializer/-/jsonapi-serializer-3.6.4.tgz",
      "integrity": "sha512-n0FVi4Cs7Gzk6dH9kn+8to7yGYhVpdsFRtMHi3SaC80EWap2wjCcXPioSlq0hnqzdEFXtay0hRR4yRqXkLTJSA==",
      "requires": {
        "inflected": "^1.1.6",
        "lodash": "^4.16.3"
      }
    },
    "lodash": {
      "version": "4.17.14",
      "resolved": "https://registry.npmjs.org/lodash/-/lodash-4.17.14.tgz",
      "integrity": "sha512-mmKYbW3GLuJeX+iGP+Y7Gp1AiGHGbXHCOh/jZmrawMmsE7MS4znI3RL2FsjbqOyMayHInjOeykW7PEajUk1/xw=="
    }
  }
}
